{
  "name": "blackjack",
  "lockfileVersion": 3,
  "requires": true,
  "packages": {
    "": {
      "dependencies": {
        "blackjack-strategy": "^1.4.0"
      }
    },
    "node_modules/blackjack-strategy": {
      "version": "1.4.0",
      "resolved": "https://registry.npmjs.org/blackjack-strategy/-/blackjack-strategy-1.4.0.tgz",
      "integrity": "sha512-SxgAntmd0mkPOZKXFjUQ5nzTHTWywGJf3rTuNv8V9nPjJ/CEK4FUX40OUYLo9uw8F05eA5LsinH7SEygt+EwwA=="
    }
  }
}
